
Microsoft Visual Studio Solution File, Format Version 12.00
# Visual Studio 15
VisualStudioVersion = 15.0.27130.2036
MinimumVisualStudioVersion = 10.0.40219.1
Project("{FAE04EC0-301F-11D3-BF4B-00C04F79EFBC}") = "NSubstituteAutoMocker", "NSubstituteAutoMocker\NSubstituteAutoMocker.csproj", "{F078C19E-0674-4876-B83A-9F4835B35C1A}"
EndProject
Project("{FAE04EC0-301F-11D3-BF4B-00C04F79EFBC}") = "NSubstituteAutoMocker.UnitTests", "NSubstituteAutoMocker.UnitTests\NSubstituteAutoMocker.UnitTests.csproj", "{62746DEA-C533-48D0-A869-ADFF532232F5}"
EndProject
Global
	GlobalSection(SolutionConfigurationPlatforms) = preSolution
		Debug|Any CPU = Debug|Any CPU
		Release|Any CPU = Release|Any CPU
	EndGlobalSection
	GlobalSection(ProjectConfigurationPlatforms) = postSolution
		{F078C19E-0674-4876-B83A-9F4835B35C1A}.Debug|Any CPU.ActiveCfg = Debug|Any CPU
		{F078C19E-0674-4876-B83A-9F4835B35C1A}.Debug|Any CPU.Build.0 = Debug|Any CPU
		{F078C19E-0674-4876-B83A-9F4835B35C1A}.Release|Any CPU.ActiveCfg = Release|Any CPU
		{F078C19E-0674-4876-B83A-9F4835B35C1A}.Release|Any CPU.Build.0 = Release|Any CPU
		{62746DEA-C533-48D0-A869-ADFF532232F5}.Debug|Any CPU.ActiveCfg = Debug|Any CPU
		{62746DEA-C533-48D0-A869-ADFF532232F5}.Debug|Any CPU.Build.0 = Debug|Any CPU
		{62746DEA-C533-48D0-A869-ADFF532232F5}.Release|Any CPU.ActiveCfg = Release|Any CPU
		{62746DEA-C533-48D0-A869-ADFF532232F5}.Release|Any CPU.Build.0 = Release|Any CPU
	EndGlobalSection
	GlobalSection(SolutionProperties) = preSolution
		HideSolutionNode = FALSE
	EndGlobalSection
	GlobalSection(ExtensibilityGlobals) = postSolution
		SolutionGuid = {A2CC53E4-C509-439D-91B2-195327D53F63}
	EndGlobalSection
EndGlobal
